
Microsoft Visual Studio Solution File, Format Version 12.00
# Visual Studio Version 17
VisualStudioVersion = 17.0.31903.59
MinimumVisualStudioVersion = 10.0.40219.1
Project("{FAE04EC0-301F-11D3-BF4B-00C04F79EFBC}") = "Spengernews.Webapi", "Spengernews.Webapi\Spengernews.Webapi.csproj", "{8B6203B9-6ABB-4CF7-85A1-7F7EB51B9B94}"
EndProject
Project("{FAE04EC0-301F-11D3-BF4B-00C04F79EFBC}") = "Spengernews.Application", "Spengernews.Application\Spengernews.Application.csproj", "{633CA304-53ED-4F37-B38B-7B6D1E7AED4E}"
EndProject
Global
	GlobalSection(SolutionConfigurationPlatforms) = preSolution
		Debug|Any CPU = Debug|Any CPU
		Release|Any CPU = Release|Any CPU
	EndGlobalSection
	GlobalSection(SolutionProperties) = preSolution
		HideSolutionNode = FALSE
	EndGlobalSection
	GlobalSection(ProjectConfigurationPlatforms) = postSolution
		{8B6203B9-6ABB-4CF7-85A1-7F7EB51B9B94}.Debug|Any CPU.ActiveCfg = Debug|Any CPU
		{8B6203B9-6ABB-4CF7-85A1-7F7EB51B9B94}.Debug|Any CPU.Build.0 = Debug|Any CPU
		{8B6203B9-6ABB-4CF7-85A1-7F7EB51B9B94}.Release|Any CPU.ActiveCfg = Release|Any CPU
		{8B6203B9-6ABB-4CF7-85A1-7F7EB51B9B94}.Release|Any CPU.Build.0 = Release|Any CPU
		{633CA304-53ED-4F37-B38B-7B6D1E7AED4E}.Debug|Any CPU.ActiveCfg = Debug|Any CPU
		{633CA304-53ED-4F37-B38B-7B6D1E7AED4E}.Debug|Any CPU.Build.0 = Debug|Any CPU
		{633CA304-53ED-4F37-B38B-7B6D1E7AED4E}.Release|Any CPU.ActiveCfg = Release|Any CPU
		{633CA304-53ED-4F37-B38B-7B6D1E7AED4E}.Release|Any CPU.Build.0 = Release|Any CPU
	EndGlobalSection
EndGlobal
