
Microsoft Visual Studio Solution File, Format Version 12.00
# Visual Studio Version 17
VisualStudioVersion = 17.4.33122.133
MinimumVisualStudioVersion = 10.0.40219.1
Project("{9A19103F-16F7-4668-BE54-9A1E7A4F7556}") = "WmcApi", "WmcApi.csproj", "{0BE3BEDD-5602-45C9-BB00-C1FD7CCA2C8F}"
EndProject
Global
	GlobalSection(SolutionConfigurationPlatforms) = preSolution
		Debug|Any CPU = Debug|Any CPU
		Release|Any CPU = Release|Any CPU
	EndGlobalSection
	GlobalSection(ProjectConfigurationPlatforms) = postSolution
		{0BE3BEDD-5602-45C9-BB00-C1FD7CCA2C8F}.Debug|Any CPU.ActiveCfg = Debug|Any CPU
		{0BE3BEDD-5602-45C9-BB00-C1FD7CCA2C8F}.Debug|Any CPU.Build.0 = Debug|Any CPU
		{0BE3BEDD-5602-45C9-BB00-C1FD7CCA2C8F}.Release|Any CPU.ActiveCfg = Release|Any CPU
		{0BE3BEDD-5602-45C9-BB00-C1FD7CCA2C8F}.Release|Any CPU.Build.0 = Release|Any CPU
	EndGlobalSection
	GlobalSection(SolutionProperties) = preSolution
		HideSolutionNode = FALSE
	EndGlobalSection
	GlobalSection(ExtensibilityGlobals) = postSolution
		SolutionGuid = {8BACAB57-6129-4D08-9F06-3DC928EDEEB5}
	EndGlobalSection
EndGlobal
